
Microsoft Visual Studio Solution File, Format Version 12.00
# Visual Studio Version 17
VisualStudioVersion = 17.6.33815.320
MinimumVisualStudioVersion = 10.0.40219.1
Project("{FAE04EC0-301F-11D3-BF4B-00C04F79EFBC}") = "BusTicketBooking.Web", "BusTicketBooking.Web.csproj", "{D0B8B3BE-1CE0-4061-9EEB-9416ED3A4B19}"
EndProject
Project("{FAE04EC0-301F-11D3-BF4B-00C04F79EFBC}") = "BusTicketBooking.Models", "..\BusTicketBooking.Models\BusTicketBooking.Models.csproj", "{0B3EA64C-232E-4636-B963-258BF6C02BF4}"
EndProject
Project("{FAE04EC0-301F-11D3-BF4B-00C04F79EFBC}") = "BusTicketBooking.DataAccess", "..\BusTicketBooking.DataAccess\BusTicketBooking.DataAccess.csproj", "{2513E503-6AA5-4D4B-BDFB-9336E5BD41A0}"
EndProject
Global
	GlobalSection(SolutionConfigurationPlatforms) = preSolution
		Debug|Any CPU = Debug|Any CPU
		Release|Any CPU = Release|Any CPU
	EndGlobalSection
	GlobalSection(ProjectConfigurationPlatforms) = postSolution
		{D0B8B3BE-1CE0-4061-9EEB-9416ED3A4B19}.Debug|Any CPU.ActiveCfg = Debug|Any CPU
		{D0B8B3BE-1CE0-4061-9EEB-9416ED3A4B19}.Debug|Any CPU.Build.0 = Debug|Any CPU
		{D0B8B3BE-1CE0-4061-9EEB-9416ED3A4B19}.Release|Any CPU.ActiveCfg = Release|Any CPU
		{D0B8B3BE-1CE0-4061-9EEB-9416ED3A4B19}.Release|Any CPU.Build.0 = Release|Any CPU
		{0B3EA64C-232E-4636-B963-258BF6C02BF4}.Debug|Any CPU.ActiveCfg = Debug|Any CPU
		{0B3EA64C-232E-4636-B963-258BF6C02BF4}.Debug|Any CPU.Build.0 = Debug|Any CPU
		{0B3EA64C-232E-4636-B963-258BF6C02BF4}.Release|Any CPU.ActiveCfg = Release|Any CPU
		{0B3EA64C-232E-4636-B963-258BF6C02BF4}.Release|Any CPU.Build.0 = Release|Any CPU
		{2513E503-6AA5-4D4B-BDFB-9336E5BD41A0}.Debug|Any CPU.ActiveCfg = Debug|Any CPU
		{2513E503-6AA5-4D4B-BDFB-9336E5BD41A0}.Debug|Any CPU.Build.0 = Debug|Any CPU
		{2513E503-6AA5-4D4B-BDFB-9336E5BD41A0}.Release|Any CPU.ActiveCfg = Release|Any CPU
		{2513E503-6AA5-4D4B-BDFB-9336E5BD41A0}.Release|Any CPU.Build.0 = Release|Any CPU
	EndGlobalSection
	GlobalSection(SolutionProperties) = preSolution
		HideSolutionNode = FALSE
	EndGlobalSection
	GlobalSection(ExtensibilityGlobals) = postSolution
		SolutionGuid = {705C8678-AB04-46E0-8060-CDBF7AA9ACF6}
	EndGlobalSection
EndGlobal
